
Microsoft Visual Studio Solution File, Format Version 12.00
# Visual Studio 15
VisualStudioVersion = 15.0.27703.2035
MinimumVisualStudioVersion = 10.0.40219.1
Project("{FAE04EC0-301F-11D3-BF4B-00C04F79EFBC}") = "CommandLineHelper", "CommandLineHelper\CommandLineHelper.csproj", "{E9BC5D12-DB5E-4EBA-A338-4CDBEE24691F}"
EndProject
Project("{FAE04EC0-301F-11D3-BF4B-00C04F79EFBC}") = "Tests", "Tests\Tests.csproj", "{C2CC675F-75E7-49BB-8039-ABA5444DCC37}"
EndProject
Global
	GlobalSection(SolutionConfigurationPlatforms) = preSolution
		Debug|Any CPU = Debug|Any CPU
		Release|Any CPU = Release|Any CPU
	EndGlobalSection
	GlobalSection(ProjectConfigurationPlatforms) = postSolution
		{E9BC5D12-DB5E-4EBA-A338-4CDBEE24691F}.Debug|Any CPU.ActiveCfg = Debug|Any CPU
		{E9BC5D12-DB5E-4EBA-A338-4CDBEE24691F}.Debug|Any CPU.Build.0 = Debug|Any CPU
		{E9BC5D12-DB5E-4EBA-A338-4CDBEE24691F}.Release|Any CPU.ActiveCfg = Release|Any CPU
		{E9BC5D12-DB5E-4EBA-A338-4CDBEE24691F}.Release|Any CPU.Build.0 = Release|Any CPU
		{C2CC675F-75E7-49BB-8039-ABA5444DCC37}.Debug|Any CPU.ActiveCfg = Debug|Any CPU
		{C2CC675F-75E7-49BB-8039-ABA5444DCC37}.Debug|Any CPU.Build.0 = Debug|Any CPU
		{C2CC675F-75E7-49BB-8039-ABA5444DCC37}.Release|Any CPU.ActiveCfg = Release|Any CPU
		{C2CC675F-75E7-49BB-8039-ABA5444DCC37}.Release|Any CPU.Build.0 = Release|Any CPU
	EndGlobalSection
	GlobalSection(SolutionProperties) = preSolution
		HideSolutionNode = FALSE
	EndGlobalSection
	GlobalSection(ExtensibilityGlobals) = postSolution
		SolutionGuid = {84A7BC39-C9F2-4CB1-BB6A-4DF9517D318B}
	EndGlobalSection
EndGlobal
